// !$*UTF8*$!
{
	archiveVersion = 1;
	classes = {
	};
	objectVersion = 50;
	objects = {

/* Begin PBXBuildFile section */
		71CA47002521C75800ADA37F /* AppDelegate.swift in Sources */ = {isa = PBXBuildFile; fileRef = 71CA46FF2521C75800ADA37F /* AppDelegate.swift */; };
		71CA47022521C75800ADA37F /* SceneDelegate.swift in Sources */ = {isa = PBXBuildFile; fileRef = 71CA47012521C75800ADA37F /* SceneDelegate.swift */; };
		71CA47042521C75800ADA37F /* ViewController.swift in Sources */ = {isa = PBXBuildFile; fileRef = 71CA47032521C75800ADA37F /* ViewController.swift */; };
		71CA47072521C75800ADA37F /* Main.storyboard in Resources */ = {isa = PBXBuildFile; fileRef = 71CA47052521C75800ADA37F /* Main.storyboard */; };
		71CA47092521C75A00ADA37F /* Assets.xcassets in Resources */ = {isa = PBXBuildFile; fileRef = 71CA47082521C75A00ADA37F /* Assets.xcassets */; };
		71CA470C2521C75B00ADA37F /* LaunchScreen.storyboard in Resources */ = {isa = PBXBuildFile; fileRef = 71CA470A2521C75B00ADA37F /* LaunchScreen.storyboard */; };
		71CA47172521D02800ADA37F /* Const.swift in Sources */ = {isa = PBXBuildFile; fileRef = 71CA47162521D02800ADA37F /* Const.swift */; };
		71CA471B2521D1F200ADA37F /* Packet.swift in Sources */ = {isa = PBXBuildFile; fileRef = 71CA471A2521D1F200ADA37F /* Packet.swift */; };
/* End PBXBuildFile section */

/* Begin PBXFileReference section */
		71CA46FC2521C75800ADA37F /* qrcode2tcp.app */ = {isa = PBXFileReference; explicitFileType = wrapper.application; includeInIndex = 0; path = qrcode2tcp.app; sourceTree = BUILT_PRODUCTS_DIR; };
		71CA46FF2521C75800ADA37F /* AppDelegate.swift */ = {isa = PBXFileReference; lastKnownFileType = sourcecode.swift; path = AppDelegate.swift; sourceTree = "<group>"; };
		71CA47012521C75800ADA37F /* SceneDelegate.swift */ = {isa = PBXFileReference; lastKnownFileType = sourcecode.swift; path = SceneDelegate.swift; sourceTree = "<group>"; };
		71CA47032521C75800ADA37F /* ViewController.swift */ = {isa = PBXFileReference; lastKnownFileType = sourcecode.swift; path = ViewController.swift; sourceTree = "<group>"; };
		71CA47062521C75800ADA37F /* Base */ = {isa = PBXFileReference; lastKnownFileType = file.storyboard; name = Base; path = Base.lproj/Main.storyboard; sourceTree = "<group>"; };
		71CA47082521C75A00ADA37F /* Assets.xcassets */ = {isa = PBXFileReference; lastKnownFileType = folder.assetcatalog; path = Assets.xcassets; sourceTree = "<group>"; };
		71CA470B2521C75B00ADA37F /* Base */ = {isa = PBXFileReference; lastKnownFileType = file.storyboard; name = Base; path = Base.lproj/LaunchScreen.storyboard; sourceTree = "<group>"; };
		71CA470D2521C75B00ADA37F /* Info.plist */ = {isa = PBXFileReference; lastKnownFileType = text.plist.xml; path = Info.plist; sourceTree = "<group>"; };
		71CA47162521D02800ADA37F /* Const.swift */ = {isa = PBXFileReference; lastKnownFileType = sourcecode.swift; path = Const.swift; sourceTree = "<group>"; };
		71CA471A2521D1F200ADA37F /* Packet.swift */ = {isa = PBXFileReference; lastKnownFileType = sourcecode.swift; path = Packet.swift; sourceTree = "<group>"; };
/* End PBXFileReference section */

/* Begin PBXFrameworksBuildPhase section */
		71CA46F92521C75800ADA37F /* Frameworks */ = {
			isa = PBXFrameworksBuildPhase;
			buildActionMask = 2147483647;
			files = (
			);
			runOnlyForDeploymentPostprocessing = 0;
		};
/* End PBXFrameworksBuildPhase section */

/* Begin PBXGroup section */
		71CA46F32521C75800ADA37F = {
			isa = PBXGroup;
			children = (
				71CA46FE2521C75800ADA37F /* qrcode2tcp */,
				71CA46FD2521C75800ADA37F /* Products */,
			);
			sourceTree = "<group>";
		};
		71CA46FD2521C75800ADA37F /* Products */ = {
			isa = PBXGroup;
			children = (
				71CA46FC2521C75800ADA37F /* qrcode2tcp.app */,
			);
			name = Products;
			sourceTree = "<group>";
		};
		71CA46FE2521C75800ADA37F /* qrcode2tcp */ = {
			isa = PBXGroup;
			children = (
				71CA47152521D01600ADA37F /* Protocol */,
				71CA46FF2521C75800ADA37F /* AppDelegate.swift */,
				71CA47012521C75800ADA37F /* SceneDelegate.swift */,
				71CA47032521C75800ADA37F /* ViewController.swift */,
				71CA47052521C75800ADA37F /* Main.storyboard */,
				71CA47082521C75A00ADA37F /* Assets.xcassets */,
				71CA470A2521C75B00ADA37F /* LaunchScreen.storyboard */,
				71CA470D2521C75B00ADA37F /* Info.plist */,
			);
			path = qrcode2tcp;
			sourceTree = "<group>";
		};
		71CA47152521D01600ADA37F /* Protocol */ = {
			isa = PBXGroup;
			children = (
				71CA47162521D02800ADA37F /* Const.swift */,
				71CA471A2521D1F200ADA37F /* Packet.swift */,
			);
			path = Protocol;
			sourceTree = "<group>";
		};
/* End PBXGroup section */

/* Begin PBXNativeTarget section */
		71CA46FB2521C75800ADA37F /* qrcode2tcp */ = {
			isa = PBXNativeTarget;
			buildConfigurationList = 71CA47102521C75B00ADA37F /* Build configuration list for PBXNativeTarget "qrcode2tcp" */;
			buildPhases = (
				71CA46F82521C75800ADA37F /* Sources */,
				71CA46F92521C75800ADA37F /* Frameworks */,
				71CA46FA2521C75800ADA37F /* Resources */,
			);
			buildRules = (
			);
			dependencies = (
			);
			name = qrcode2tcp;
			productName = qrcode2tcp;
			productReference = 71CA46FC2521C75800ADA37F /* qrcode2tcp.app */;
			productType = "com.apple.product-type.application";
		};
/* End PBXNativeTarget section */

/* Begin PBXProject section */
		71CA46F42521C75800ADA37F /* Project object */ = {
			isa = PBXProject;
			attributes = {
				LastSwiftUpdateCheck = 1200;
				LastUpgradeCheck = 1200;
				TargetAttributes = {
					71CA46FB2521C75800ADA37F = {
						CreatedOnToolsVersion = 12.0.1;
					};
				};
			};
			buildConfigurationList = 71CA46F72521C75800ADA37F /* Build configuration list for PBXProject "qrcode2tcp" */;
			compatibilityVersion = "Xcode 9.3";
			developmentRegion = en;
			hasScannedForEncodings = 0;
			knownRegions = (
				en,
				Base,
			);
			mainGroup = 71CA46F32521C75800ADA37F;
			productRefGroup = 71CA46FD2521C75800ADA37F /* Products */;
			projectDirPath = "";
			projectRoot = "";
			targets = (
				71CA46FB2521C75800ADA37F /* qrcode2tcp */,
			);
		};
/* End PBXProject section */

/* Begin PBXResourcesBuildPhase section */
		71CA46FA2521C75800ADA37F /* Resources */ = {
			isa = PBXResourcesBuildPhase;
			buildActionMask = 2147483647;
			files = (
				71CA470C2521C75B00ADA37F /* LaunchScreen.storyboard in Resources */,
				71CA47092521C75A00ADA37F /* Assets.xcassets in Resources */,
				71CA47072521C75800ADA37F /* Main.storyboard in Resources */,
			);
			runOnlyForDeploymentPostprocessing = 0;
		};
/* End PBXResourcesBuildPhase section */

/* Begin PBXSourcesBuildPhase section */
		71CA46F82521C75800ADA37F /* Sources */ = {
			isa = PBXSourcesBuildPhase;
			buildActionMask = 2147483647;
			files = (
				71CA47042521C75800ADA37F /* ViewController.swift in Sources */,
				71CA47172521D02800ADA37F /* Const.swift in Sources */,
				71CA471B2521D1F200ADA37F /* Packet.swift in Sources */,
				71CA47002521C75800ADA37F /* AppDelegate.swift in Sources */,
				71CA47022521C75800ADA37F /* SceneDelegate.swift in Sources */,
			);
			runOnlyForDeploymentPostprocessing = 0;
		};
/* End PBXSourcesBuildPhase section */

/* Begin PBXVariantGroup section */
		71CA47052521C75800ADA37F /* Main.storyboard */ = {
			isa = PBXVariantGroup;
			children = (
				71CA47062521C75800ADA37F /* Base */,
			);
			name = Main.storyboard;
			sourceTree = "<group>";
		};
		71CA470A2521C75B00ADA37F /* LaunchScreen.storyboard */ = {
			isa = PBXVariantGroup;
			children = (
				71CA470B2521C75B00ADA37F /* Base */,
			);
			name = LaunchScreen.storyboard;
			sourceTree = "<group>";
		};
/* End PBXVariantGroup section */

/* Begin XCBuildConfiguration section */
		71CA470E2521C75B00ADA37F /* Debug */ = {
			isa = XCBuildConfiguration;
			buildSettings = {
				ALWAYS_SEARCH_USER_PATHS = NO;
				CLANG_ANALYZER_NONNULL = YES;
				CLANG_ANALYZER_NUMBER_OBJECT_CONVERSION = YES_AGGRESSIVE;
				CLANG_CXX_LANGUAGE_STANDARD = "gnu++14";
				CLANG_CXX_LIBRARY = "libc++";
				CLANG_ENABLE_MODULES = YES;
				CLANG_ENABLE_OBJC_ARC = YES;
				CLANG_ENABLE_OBJC_WEAK = YES;
				CLANG_WARN_BLOCK_CAPTURE_AUTORELEASING = YES;
				CLANG_WARN_BOOL_CONVERSION = YES;
				CLANG_WARN_COMMA = YES;
				CLANG_WARN_CONSTANT_CONVERSION = YES;
				CLANG_WARN_DEPRECATED_OBJC_IMPLEMENTATIONS = YES;
				CLANG_WARN_DIRECT_OBJC_ISA_USAGE = YES_ERROR;
				CLANG_WARN_DOCUMENTATION_COMMENTS = YES;
				CLANG_WARN_EMPTY_BODY = YES;
				CLANG_WARN_ENUM_CONVERSION = YES;
				CLANG_WARN_INFINITE_RECURSION = YES;
				CLANG_WARN_INT_CONVERSION = YES;
				CLANG_WARN_NON_LITERAL_NULL_CONVERSION = YES;
				CLANG_WARN_OBJC_IMPLICIT_RETAIN_SELF = YES;
				CLANG_WARN_OBJC_LITERAL_CONVERSION = YES;
				CLANG_WARN_OBJC_ROOT_CLASS = YES_ERROR;
				CLANG_WARN_QUOTED_INCLUDE_IN_FRAMEWORK_HEADER = YES;
				CLANG_WARN_RANGE_LOOP_ANALYSIS = YES;
				CLANG_WARN_STRICT_PROTOTYPES = YES;
				CLANG_WARN_SUSPICIOUS_MOVE = YES;
				CLANG_WARN_UNGUARDED_AVAILABILITY = YES_AGGRESSIVE;
				CLANG_WARN_UNREACHABLE_CODE = YES;
				CLANG_WARN__DUPLICATE_METHOD_MATCH = YES;
				COPY_PHASE_STRIP = NO;
				DEBUG_INFORMATION_FORMAT = dwarf;
				ENABLE_STRICT_OBJC_MSGSEND = YES;
				ENABLE_TESTABILITY = YES;
				GCC_C_LANGUAGE_STANDARD = gnu11;
				GCC_DYNAMIC_NO_PIC = NO;
				GCC_NO_COMMON_BLOCKS = YES;
				GCC_OPTIMIZATION_LEVEL = 0;
				GCC_PREPROCESSOR_DEFINITIONS = (
					"DEBUG=1",
					"$(inherited)",
				);
				GCC_WARN_64_TO_32_BIT_CONVERSION = YES;
				GCC_WARN_ABOUT_RETURN_TYPE = YES_ERROR;
				GCC_WARN_UNDECLARED_SELECTOR = YES;
				GCC_WARN_UNINITIALIZED_AUTOS = YES_AGGRESSIVE;
				GCC_WARN_UNUSED_FUNCTION = YES;
				GCC_WARN_UNUSED_VARIABLE = YES;
				IPHONEOS_DEPLOYMENT_TARGET = 14.0;
				MTL_ENABLE_DEBUG_INFO = INCLUDE_SOURCE;
				MTL_FAST_MATH = YES;
				ONLY_ACTIVE_ARCH = YES;
				SDKROOT = iphoneos;
				SWIFT_ACTIVE_COMPILATION_CONDITIONS = DEBUG;
				SWIFT_OPTIMIZATION_LEVEL = "-Onone";
			};
			name = Debug;
		};
		71CA470F2521C75B00ADA37F /* Release */ = {
			isa = XCBuildConfiguration;
			buildSettings = {
				ALWAYS_SEARCH_USER_PATHS = NO;
				CLANG_ANALYZER_NONNULL = YES;
				CLANG_ANALYZER_NUMBER_OBJECT_CONVERSION = YES_AGGRESSIVE;
				CLANG_CXX_LANGUAGE_STANDARD = "gnu++14";
				CLANG_CXX_LIBRARY = "libc++";
				CLANG_ENABLE_MODULES = YES;
				CLANG_ENABLE_OBJC_ARC = YES;
				CLANG_ENABLE_OBJC_WEAK = YES;
				CLANG_WARN_BLOCK_CAPTURE_AUTORELEASING = YES;
				CLANG_WARN_BOOL_CONVERSION = YES;
				CLANG_WARN_COMMA = YES;
				CLANG_WARN_CONSTANT_CONVERSION = YES;
				CLANG_WARN_DEPRECATED_OBJC_IMPLEMENTATIONS = YES;
				CLANG_WARN_DIRECT_OBJC_ISA_USAGE = YES_ERROR;
				CLANG_WARN_DOCUMENTATION_COMMENTS = YES;
				CLANG_WARN_EMPTY_BODY = YES;
				CLANG_WARN_ENUM_CONVERSION = YES;
				CLANG_WARN_INFINITE_RECURSION = YES;
				CLANG_WARN_INT_CONVERSION = YES;
				CLANG_WARN_NON_LITERAL_NULL_CONVERSION = YES;
				CLANG_WARN_OBJC_IMPLICIT_RETAIN_SELF = YES;
				CLANG_WARN_OBJC_LITERAL_CONVERSION = YES;
				CLANG_WARN_OBJC_ROOT_CLASS = YES_ERROR;
				CLANG_WARN_QUOTED_INCLUDE_IN_FRAMEWORK_HEADER = YES;
				CLANG_WARN_RANGE_LOOP_ANALYSIS = YES;
				CLANG_WARN_STRICT_PROTOTYPES = YES;
				CLANG_WARN_SUSPICIOUS_MOVE = YES;
				CLANG_WARN_UNGUARDED_AVAILABILITY = YES_AGGRESSIVE;
				CLANG_WARN_UNREACHABLE_CODE = YES;
				CLANG_WARN__DUPLICATE_METHOD_MATCH = YES;
				COPY_PHASE_STRIP = NO;
				DEBUG_INFORMATION_FORMAT = "dwarf-with-dsym";
				ENABLE_NS_ASSERTIONS = NO;
				ENABLE_STRICT_OBJC_MSGSEND = YES;
				GCC_C_LANGUAGE_STANDARD = gnu11;
				GCC_NO_COMMON_BLOCKS = YES;
				GCC_WARN_64_TO_32_BIT_CONVERSION = YES;
				GCC_WARN_ABOUT_RETURN_TYPE = YES_ERROR;
				GCC_WARN_UNDECLARED_SELECTOR = YES;
				GCC_WARN_UNINITIALIZED_AUTOS = YES_AGGRESSIVE;
				GCC_WARN_UNUSED_FUNCTION = YES;
				GCC_WARN_UNUSED_VARIABLE = YES;
				IPHONEOS_DEPLOYMENT_TARGET = 14.0;
				MTL_ENABLE_DEBUG_INFO = NO;
				MTL_FAST_MATH = YES;
				SDKROOT = iphoneos;
				SWIFT_COMPILATION_MODE = wholemodule;
				SWIFT_OPTIMIZATION_LEVEL = "-O";
				VALIDATE_PRODUCT = YES;
			};
			name = Release;
		};
		71CA47112521C75B00ADA37F /* Debug */ = {
			isa = XCBuildConfiguration;
			buildSettings = {
				ASSETCATALOG_COMPILER_APPICON_NAME = AppIcon;
				ASSETCATALOG_COMPILER_GLOBAL_ACCENT_COLOR_NAME = AccentColor;
				CODE_SIGN_STYLE = Automatic;
				DEVELOPMENT_TEAM = HHW6X6T397;
				INFOPLIST_FILE = qrcode2tcp/Info.plist;
				LD_RUNPATH_SEARCH_PATHS = (
					"$(inherited)",
					"@executable_path/Frameworks",
				);
				PRODUCT_BUNDLE_IDENTIFIER = gg266.qrcode2tcp;
				PRODUCT_NAME = "$(TARGET_NAME)";
				SWIFT_VERSION = 5.0;
				TARGETED_DEVICE_FAMILY = "1,2";
			};
			name = Debug;
		};
		71CA47122521C75B00ADA37F /* Release */ = {
			isa = XCBuildConfiguration;
			buildSettings = {
				ASSETCATALOG_COMPILER_APPICON_NAME = AppIcon;
				ASSETCATALOG_COMPILER_GLOBAL_ACCENT_COLOR_NAME = AccentColor;
				CODE_SIGN_STYLE = Automatic;
				DEVELOPMENT_TEAM = HHW6X6T397;
				INFOPLIST_FILE = qrcode2tcp/Info.plist;
				LD_RUNPATH_SEARCH_PATHS = (
					"$(inherited)",
					"@executable_path/Frameworks",
				);
				PRODUCT_BUNDLE_IDENTIFIER = gg266.qrcode2tcp;
				PRODUCT_NAME = "$(TARGET_NAME)";
				SWIFT_VERSION = 5.0;
				TARGETED_DEVICE_FAMILY = "1,2";
			};
			name = Release;
		};
/* End XCBuildConfiguration section */

/* Begin XCConfigurationList section */
		71CA46F72521C75800ADA37F /* Build configuration list for PBXProject "qrcode2tcp" */ = {
			isa = XCConfigurationList;
			buildConfigurations = (
				71CA470E2521C75B00ADA37F /* Debug */,
				71CA470F2521C75B00ADA37F /* Release */,
			);
			defaultConfigurationIsVisible = 0;
			defaultConfigurationName = Release;
		};
		71CA47102521C75B00ADA37F /* Build configuration list for PBXNativeTarget "qrcode2tcp" */ = {
			isa = XCConfigurationList;
			buildConfigurations = (
				71CA47112521C75B00ADA37F /* Debug */,
				71CA47122521C75B00ADA37F /* Release */,
			);
			defaultConfigurationIsVisible = 0;
			defaultConfigurationName = Release;
		};
/* End XCConfigurationList section */
	};
	rootObject = 71CA46F42521C75800ADA37F /* Project object */;
}
